
Microsoft Visual Studio Solution File, Format Version 12.00
# Visual Studio Version 16
VisualStudioVersion = 16.0.29709.97
MinimumVisualStudioVersion = 10.0.40219.1
Project("{FAE04EC0-301F-11D3-BF4B-00C04F79EFBC}") = "HomeWork28", "HomeWork28\HomeWork28.csproj", "{71612762-3AB1-4E08-A10D-D01465A9ADA5}"
EndProject
Project("{FAE04EC0-301F-11D3-BF4B-00C04F79EFBC}") = "BusinessLayer", "Business Layer\BusinessLayer.csproj", "{2FC47D36-F9D5-49F7-913C-6278BFF8D5D1}"
EndProject
Project("{FAE04EC0-301F-11D3-BF4B-00C04F79EFBC}") = "DataAccessLayer", "DataAccessLayer\DataAccessLayer.csproj", "{CFA3CBFA-05C2-4815-AFBA-00B89C1BEF24}"
EndProject
Project("{FAE04EC0-301F-11D3-BF4B-00C04F79EFBC}") = "AuxiliaryLayer", "AuxiliaryLayer\AuxiliaryLayer.csproj", "{00148F7A-E223-4E4C-9BC9-497933F84151}"
EndProject
Project("{FAE04EC0-301F-11D3-BF4B-00C04F79EFBC}") = "DataAccessDapper", "DataAccessDapper\DataAccessDapper.csproj", "{B72D6BC9-8762-4BCA-862F-A0E386468CE1}"
EndProject
Global
	GlobalSection(SolutionConfigurationPlatforms) = preSolution
		Debug|Any CPU = Debug|Any CPU
		Release|Any CPU = Release|Any CPU
	EndGlobalSection
	GlobalSection(ProjectConfigurationPlatforms) = postSolution
		{71612762-3AB1-4E08-A10D-D01465A9ADA5}.Debug|Any CPU.ActiveCfg = Debug|Any CPU
		{71612762-3AB1-4E08-A10D-D01465A9ADA5}.Debug|Any CPU.Build.0 = Debug|Any CPU
		{71612762-3AB1-4E08-A10D-D01465A9ADA5}.Release|Any CPU.ActiveCfg = Release|Any CPU
		{71612762-3AB1-4E08-A10D-D01465A9ADA5}.Release|Any CPU.Build.0 = Release|Any CPU
		{2FC47D36-F9D5-49F7-913C-6278BFF8D5D1}.Debug|Any CPU.ActiveCfg = Debug|Any CPU
		{2FC47D36-F9D5-49F7-913C-6278BFF8D5D1}.Debug|Any CPU.Build.0 = Debug|Any CPU
		{2FC47D36-F9D5-49F7-913C-6278BFF8D5D1}.Release|Any CPU.ActiveCfg = Release|Any CPU
		{2FC47D36-F9D5-49F7-913C-6278BFF8D5D1}.Release|Any CPU.Build.0 = Release|Any CPU
		{CFA3CBFA-05C2-4815-AFBA-00B89C1BEF24}.Debug|Any CPU.ActiveCfg = Debug|Any CPU
		{CFA3CBFA-05C2-4815-AFBA-00B89C1BEF24}.Debug|Any CPU.Build.0 = Debug|Any CPU
		{CFA3CBFA-05C2-4815-AFBA-00B89C1BEF24}.Release|Any CPU.ActiveCfg = Release|Any CPU
		{CFA3CBFA-05C2-4815-AFBA-00B89C1BEF24}.Release|Any CPU.Build.0 = Release|Any CPU
		{00148F7A-E223-4E4C-9BC9-497933F84151}.Debug|Any CPU.ActiveCfg = Debug|Any CPU
		{00148F7A-E223-4E4C-9BC9-497933F84151}.Debug|Any CPU.Build.0 = Debug|Any CPU
		{00148F7A-E223-4E4C-9BC9-497933F84151}.Release|Any CPU.ActiveCfg = Release|Any CPU
		{00148F7A-E223-4E4C-9BC9-497933F84151}.Release|Any CPU.Build.0 = Release|Any CPU
		{B72D6BC9-8762-4BCA-862F-A0E386468CE1}.Debug|Any CPU.ActiveCfg = Debug|Any CPU
		{B72D6BC9-8762-4BCA-862F-A0E386468CE1}.Debug|Any CPU.Build.0 = Debug|Any CPU
		{B72D6BC9-8762-4BCA-862F-A0E386468CE1}.Release|Any CPU.ActiveCfg = Release|Any CPU
		{B72D6BC9-8762-4BCA-862F-A0E386468CE1}.Release|Any CPU.Build.0 = Release|Any CPU
	EndGlobalSection
	GlobalSection(SolutionProperties) = preSolution
		HideSolutionNode = FALSE
	EndGlobalSection
	GlobalSection(ExtensibilityGlobals) = postSolution
		SolutionGuid = {8DE8E419-89F6-4F4B-9D08-E1C9099120CF}
	EndGlobalSection
EndGlobal
